
Microsoft Visual Studio Solution File, Format Version 12.00
# Visual Studio Version 17
VisualStudioVersion = 17.4.33205.214
MinimumVisualStudioVersion = 10.0.40219.1
Project("{FAE04EC0-301F-11D3-BF4B-00C04F79EFBC}") = "Aquc.Projram.NmcFav", "Aquc.Projram.NmcFav\Aquc.Projram.NmcFav.csproj", "{36C156F4-AAD8-4A13-B9AD-709ACEF24603}"
EndProject
Global
	GlobalSection(SolutionConfigurationPlatforms) = preSolution
		Debug|Any CPU = Debug|Any CPU
		Release|Any CPU = Release|Any CPU
	EndGlobalSection
	GlobalSection(ProjectConfigurationPlatforms) = postSolution
		{36C156F4-AAD8-4A13-B9AD-709ACEF24603}.Debug|Any CPU.ActiveCfg = Debug|Any CPU
		{36C156F4-AAD8-4A13-B9AD-709ACEF24603}.Debug|Any CPU.Build.0 = Debug|Any CPU
		{36C156F4-AAD8-4A13-B9AD-709ACEF24603}.Release|Any CPU.ActiveCfg = Release|Any CPU
		{36C156F4-AAD8-4A13-B9AD-709ACEF24603}.Release|Any CPU.Build.0 = Release|Any CPU
	EndGlobalSection
	GlobalSection(SolutionProperties) = preSolution
		HideSolutionNode = FALSE
	EndGlobalSection
	GlobalSection(ExtensibilityGlobals) = postSolution
		SolutionGuid = {8C24748F-A727-4FE4-A7F9-6726E3666608}
	EndGlobalSection
EndGlobal
